
Microsoft Visual Studio Solution File, Format Version 12.00
# Visual Studio Version 16
VisualStudioVersion = 16.0.28803.352
MinimumVisualStudioVersion = 10.0.40219.1
Project("{FAE04EC0-301F-11D3-BF4B-00C04F79EFBC}") = "K-NN", "K-NN\K-NN.csproj", "{8965D0E9-9B51-40DF-BCCD-8AE5B1185F62}"
EndProject
Global
	GlobalSection(SolutionConfigurationPlatforms) = preSolution
		Debug|Any CPU = Debug|Any CPU
		Release|Any CPU = Release|Any CPU
	EndGlobalSection
	GlobalSection(ProjectConfigurationPlatforms) = postSolution
		{8965D0E9-9B51-40DF-BCCD-8AE5B1185F62}.Debug|Any CPU.ActiveCfg = Debug|Any CPU
		{8965D0E9-9B51-40DF-BCCD-8AE5B1185F62}.Debug|Any CPU.Build.0 = Debug|Any CPU
		{8965D0E9-9B51-40DF-BCCD-8AE5B1185F62}.Release|Any CPU.ActiveCfg = Release|Any CPU
		{8965D0E9-9B51-40DF-BCCD-8AE5B1185F62}.Release|Any CPU.Build.0 = Release|Any CPU
	EndGlobalSection
	GlobalSection(SolutionProperties) = preSolution
		HideSolutionNode = FALSE
	EndGlobalSection
	GlobalSection(ExtensibilityGlobals) = postSolution
		SolutionGuid = {DEDE8AFD-C815-4144-979C-C7A6D6939CD8}
	EndGlobalSection
EndGlobal
