
Microsoft Visual Studio Solution File, Format Version 12.00
# Visual Studio Version 16
VisualStudioVersion = 16.0.28803.352
MinimumVisualStudioVersion = 10.0.40219.1
Project("{FAE04EC0-301F-11D3-BF4B-00C04F79EFBC}") = "WindowsFormsApp4", "WindowsFormsApp4\WindowsFormsApp4.csproj", "{2D32072C-4BA8-49EC-8DBD-19B8B0B2AEAE}"
EndProject
Global
	GlobalSection(SolutionConfigurationPlatforms) = preSolution
		Debug|Any CPU = Debug|Any CPU
		Release|Any CPU = Release|Any CPU
	EndGlobalSection
	GlobalSection(ProjectConfigurationPlatforms) = postSolution
		{2D32072C-4BA8-49EC-8DBD-19B8B0B2AEAE}.Debug|Any CPU.ActiveCfg = Debug|Any CPU
		{2D32072C-4BA8-49EC-8DBD-19B8B0B2AEAE}.Debug|Any CPU.Build.0 = Debug|Any CPU
		{2D32072C-4BA8-49EC-8DBD-19B8B0B2AEAE}.Release|Any CPU.ActiveCfg = Release|Any CPU
		{2D32072C-4BA8-49EC-8DBD-19B8B0B2AEAE}.Release|Any CPU.Build.0 = Release|Any CPU
	EndGlobalSection
	GlobalSection(SolutionProperties) = preSolution
		HideSolutionNode = FALSE
	EndGlobalSection
	GlobalSection(ExtensibilityGlobals) = postSolution
		SolutionGuid = {95CB40C7-E33F-4121-9AF4-2577FD19B743}
	EndGlobalSection
EndGlobal
